
Microsoft Visual Studio Solution File, Format Version 12.00
# Visual Studio 15
VisualStudioVersion = 15.0.28307.757
MinimumVisualStudioVersion = 10.0.40219.1
Project("{9A19103F-16F7-4668-BE54-9A1E7A4F7556}") = "OdeToFood", "OdeToFood\OdeToFood.csproj", "{B2247A35-388F-4DA4-ACD4-7A84CF84274B}"
EndProject
Project("{9A19103F-16F7-4668-BE54-9A1E7A4F7556}") = "OdeToFood.Core", "OdeToFood.Core\OdeToFood.Core.csproj", "{A347C0F3-8D94-462E-B1E9-213E6F0502D5}"
EndProject
Project("{9A19103F-16F7-4668-BE54-9A1E7A4F7556}") = "OdeToFood.Data", "OdeToFood.Data\OdeToFood.Data.csproj", "{01E9AA56-EB78-4E33-9763-F16A5D348C8B}"
EndProject
Global
	GlobalSection(SolutionConfigurationPlatforms) = preSolution
		Debug|Any CPU = Debug|Any CPU
		Release|Any CPU = Release|Any CPU
	EndGlobalSection
	GlobalSection(ProjectConfigurationPlatforms) = postSolution
		{B2247A35-388F-4DA4-ACD4-7A84CF84274B}.Debug|Any CPU.ActiveCfg = Debug|Any CPU
		{B2247A35-388F-4DA4-ACD4-7A84CF84274B}.Debug|Any CPU.Build.0 = Debug|Any CPU
		{B2247A35-388F-4DA4-ACD4-7A84CF84274B}.Release|Any CPU.ActiveCfg = Release|Any CPU
		{B2247A35-388F-4DA4-ACD4-7A84CF84274B}.Release|Any CPU.Build.0 = Release|Any CPU
		{A347C0F3-8D94-462E-B1E9-213E6F0502D5}.Debug|Any CPU.ActiveCfg = Debug|Any CPU
		{A347C0F3-8D94-462E-B1E9-213E6F0502D5}.Debug|Any CPU.Build.0 = Debug|Any CPU
		{A347C0F3-8D94-462E-B1E9-213E6F0502D5}.Release|Any CPU.ActiveCfg = Release|Any CPU
		{A347C0F3-8D94-462E-B1E9-213E6F0502D5}.Release|Any CPU.Build.0 = Release|Any CPU
		{01E9AA56-EB78-4E33-9763-F16A5D348C8B}.Debug|Any CPU.ActiveCfg = Debug|Any CPU
		{01E9AA56-EB78-4E33-9763-F16A5D348C8B}.Debug|Any CPU.Build.0 = Debug|Any CPU
		{01E9AA56-EB78-4E33-9763-F16A5D348C8B}.Release|Any CPU.ActiveCfg = Release|Any CPU
		{01E9AA56-EB78-4E33-9763-F16A5D348C8B}.Release|Any CPU.Build.0 = Release|Any CPU
	EndGlobalSection
	GlobalSection(SolutionProperties) = preSolution
		HideSolutionNode = FALSE
	EndGlobalSection
	GlobalSection(ExtensibilityGlobals) = postSolution
		SolutionGuid = {BF53D192-160D-417D-89AD-205038F749E5}
	EndGlobalSection
EndGlobal
